<?xml version="1.0" encoding="utf-8"?>
<Project ToolsVersion="4.0" xmlns="http://schemas.microsoft.com/developer/msbuild/2003">
  <ItemGroup>
    <Filter Include="Ship">
      <UniqueIdentifier>{15a8fe1c-2332-4014-abac-adb6dc715a3f}</UniqueIdentifier>
    </Filter>
    <Filter Include="GameObject">
      <UniqueIdentifier>{307730a7-b5fb-4b72-b0f5-eb7c4628556b}</UniqueIdentifier>
    </Filter>
  </ItemGroup>
  <ItemGroup>
    <Text Include="ReadMe.txt" />
  </ItemGroup>
  <ItemGroup>
    <ClInclude Include="stdafx.h" />
    <ClInclude Include="targetver.h" />
    <ClInclude Include="resource.h" />
    <ClInclude Include="Aircraft.h">
      <Filter>Ship</Filter>
    </ClInclude>
    <ClInclude Include="Battleship.h">
      <Filter>Ship</Filter>
    </ClInclude>
    <ClInclude Include="Crusier.h">
      <Filter>Ship</Filter>
    </ClInclude>
    <ClInclude Include="Destroyer.h">
      <Filter>Ship</Filter>
    </ClInclude>
    <ClInclude Include="Ship.h">
      <Filter>Ship</Filter>
    </ClInclude>
    <ClInclude Include="Board.h">
      <Filter>GameObject</Filter>
    </ClInclude>
    <ClInclude Include="GameManager.h">
      <Filter>GameObject</Filter>
    </ClInclude>
    <ClInclude Include="Player.h">
      <Filter>GameObject</Filter>
    </ClInclude>
    <ClInclude Include="Enum.h" />
    <ClInclude Include="Struct.h" />
  </ItemGroup>
  <ItemGroup>
    <ClCompile Include="BattleShip_PP.cpp" />
    <ClCompile Include="stdafx.cpp" />
    <ClCompile Include="Aircraft.cpp">
      <Filter>Ship</Filter>
    </ClCompile>
    <ClCompile Include="Battleship.cpp">
      <Filter>Ship</Filter>
    </ClCompile>
    <ClCompile Include="Crusier.cpp">
      <Filter>Ship</Filter>
    </ClCompile>
    <ClCompile Include="Destroyer.cpp">
      <Filter>Ship</Filter>
    </ClCompile>
    <ClCompile Include="Ship.cpp">
      <Filter>Ship</Filter>
    </ClCompile>
    <ClCompile Include="Board.cpp">
      <Filter>GameObject</Filter>
    </ClCompile>
    <ClCompile Include="GameManager.cpp">
      <Filter>GameObject</Filter>
    </ClCompile>
    <ClCompile Include="Player.cpp">
      <Filter>GameObject</Filter>
    </ClCompile>
    <ClCompile Include="Enum.cpp" />
    <ClCompile Include="Struct.cpp" />
  </ItemGroup>
  <ItemGroup>
    <None Include="ClassDiagram.cd" />
  </ItemGroup>
  <ItemGroup>
    <ResourceCompile Include="BattleShip_PP.rc" />
  </ItemGroup>
</Project>